{
  "originHash" : "ffeb35743124afa29970f4df2b3829c289274a5e20ee6035ab9cfcb7e4a8e118",
  "pins" : [
    {
      "identity" : "decisionmodels",
      "kind" : "remoteSourceControl",
      "location" : "https://github.com/vsekhar/DecisionModels.git",
      "state" : {
        "revision" : "355da4376c79d8c62f6a145e07da5e203e3a0d0d",
        "version" : "0.3.0"
      }
    },
    {
      "identity" : "swift-syntax",
      "kind" : "remoteSourceControl",
      "location" : "https://github.com/swiftlang/swift-syntax.git",
      "state" : {
        "revision" : "4799286537280063c85a32f09884cfbca301b1a1",
        "version" : "602.0.0"
      }
    }
  ],
  "version" : 3
}
