{
  "originHash" : "fe55942376ffda3280df3a3ca75d2fcef8e0a04e3a80131516208e861b89fc84",
  "pins" : [
    {
      "identity" : "decisionmodels",
      "kind" : "remoteSourceControl",
      "location" : "https://github.com/vsekhar/DecisionModels.git",
      "state" : {
        "revision" : "e115b352ef23b670af2e8b7ba81f8221f092f0df",
        "version" : "0.1.0"
      }
    },
    {
      "identity" : "swift-syntax",
      "kind" : "remoteSourceControl",
      "location" : "https://github.com/swiftlang/swift-syntax.git",
      "state" : {
        "revision" : "4799286537280063c85a32f09884cfbca301b1a1",
        "version" : "602.0.0"
      }
    }
  ],
  "version" : 3
}
